// !$*UTF8*$!
{
	archiveVersion = 1;
	classes = {
	};
	objectVersion = 55;
	objects = {

/* Begin PBXBuildFile section */
		4A0E3786284CA558009913CF /* AppDelegate.swift in Sources */ = {isa = PBXBuildFile; fileRef = 4A0E3785284CA558009913CF /* AppDelegate.swift */; };
		4A0E3788284CA558009913CF /* SceneDelegate.swift in Sources */ = {isa = PBXBuildFile; fileRef = 4A0E3787284CA558009913CF /* SceneDelegate.swift */; };
		4A0E378A284CA558009913CF /* ViewController.swift in Sources */ = {isa = PBXBuildFile; fileRef = 4A0E3789284CA558009913CF /* ViewController.swift */; };
		4A0E378D284CA558009913CF /* Main.storyboard in Resources */ = {isa = PBXBuildFile; fileRef = 4A0E378B284CA558009913CF /* Main.storyboard */; };
		4A0E378F284CA559009913CF /* Assets.xcassets in Resources */ = {isa = PBXBuildFile; fileRef = 4A0E378E284CA559009913CF /* Assets.xcassets */; };
		4A0E3792284CA559009913CF /* LaunchScreen.storyboard in Resources */ = {isa = PBXBuildFile; fileRef = 4A0E3790284CA559009913CF /* LaunchScreen.storyboard */; };
		4A0E379A284CAF41009913CF /* IAPTraits.swift in Sources */ = {isa = PBXBuildFile; fileRef = 4A0E3799284CAF41009913CF /* IAPTraits.swift */; };
		73D98629112338AE6FFB36C3 /* Pods_ExSwiftyStoreKit.framework in Frameworks */ = {isa = PBXBuildFile; fileRef = 82DBA79AF86F541A6E5DAF2F /* Pods_ExSwiftyStoreKit.framework */; };
/* End PBXBuildFile section */

/* Begin PBXFileReference section */
		20CA4A66642E370105B03C83 /* Pods-ExSwiftyStoreKit.release.xcconfig */ = {isa = PBXFileReference; includeInIndex = 1; lastKnownFileType = text.xcconfig; name = "Pods-ExSwiftyStoreKit.release.xcconfig"; path = "Target Support Files/Pods-ExSwiftyStoreKit/Pods-ExSwiftyStoreKit.release.xcconfig"; sourceTree = "<group>"; };
		4A0E3782284CA558009913CF /* ExSwiftyStoreKit.app */ = {isa = PBXFileReference; explicitFileType = wrapper.application; includeInIndex = 0; path = ExSwiftyStoreKit.app; sourceTree = BUILT_PRODUCTS_DIR; };
		4A0E3785284CA558009913CF /* AppDelegate.swift */ = {isa = PBXFileReference; lastKnownFileType = sourcecode.swift; path = AppDelegate.swift; sourceTree = "<group>"; };
		4A0E3787284CA558009913CF /* SceneDelegate.swift */ = {isa = PBXFileReference; lastKnownFileType = sourcecode.swift; path = SceneDelegate.swift; sourceTree = "<group>"; };
		4A0E3789284CA558009913CF /* ViewController.swift */ = {isa = PBXFileReference; lastKnownFileType = sourcecode.swift; path = ViewController.swift; sourceTree = "<group>"; };
		4A0E378C284CA558009913CF /* Base */ = {isa = PBXFileReference; lastKnownFileType = file.storyboard; name = Base; path = Base.lproj/Main.storyboard; sourceTree = "<group>"; };
		4A0E378E284CA559009913CF /* Assets.xcassets */ = {isa = PBXFileReference; lastKnownFileType = folder.assetcatalog; path = Assets.xcassets; sourceTree = "<group>"; };
		4A0E3791284CA559009913CF /* Base */ = {isa = PBXFileReference; lastKnownFileType = file.storyboard; name = Base; path = Base.lproj/LaunchScreen.storyboard; sourceTree = "<group>"; };
		4A0E3793284CA559009913CF /* Info.plist */ = {isa = PBXFileReference; lastKnownFileType = text.plist.xml; path = Info.plist; sourceTree = "<group>"; };
		4A0E3799284CAF41009913CF /* IAPTraits.swift */ = {isa = PBXFileReference; lastKnownFileType = sourcecode.swift; path = IAPTraits.swift; sourceTree = "<group>"; };
		7BCAF108BC846170D0E3E2D2 /* Pods-ExSwiftyStoreKit.debug.xcconfig */ = {isa = PBXFileReference; includeInIndex = 1; lastKnownFileType = text.xcconfig; name = "Pods-ExSwiftyStoreKit.debug.xcconfig"; path = "Target Support Files/Pods-ExSwiftyStoreKit/Pods-ExSwiftyStoreKit.debug.xcconfig"; sourceTree = "<group>"; };
		82DBA79AF86F541A6E5DAF2F /* Pods_ExSwiftyStoreKit.framework */ = {isa = PBXFileReference; explicitFileType = wrapper.framework; includeInIndex = 0; path = Pods_ExSwiftyStoreKit.framework; sourceTree = BUILT_PRODUCTS_DIR; };
/* End PBXFileReference section */

/* Begin PBXFrameworksBuildPhase section */
		4A0E377F284CA558009913CF /* Frameworks */ = {
			isa = PBXFrameworksBuildPhase;
			buildActionMask = 2147483647;
			files = (
				73D98629112338AE6FFB36C3 /* Pods_ExSwiftyStoreKit.framework in Frameworks */,
			);
			runOnlyForDeploymentPostprocessing = 0;
		};
/* End PBXFrameworksBuildPhase section */

/* Begin PBXGroup section */
		4A0E3779284CA558009913CF = {
			isa = PBXGroup;
			children = (
				4A0E3784284CA558009913CF /* ExSwiftyStoreKit */,
				4A0E3783284CA558009913CF /* Products */,
				99303F1E6148DC6387E32D98 /* Pods */,
				672CF6FA6DBD319652E28A99 /* Frameworks */,
			);
			sourceTree = "<group>";
		};
		4A0E3783284CA558009913CF /* Products */ = {
			isa = PBXGroup;
			children = (
				4A0E3782284CA558009913CF /* ExSwiftyStoreKit.app */,
			);
			name = Products;
			sourceTree = "<group>";
		};
		4A0E3784284CA558009913CF /* ExSwiftyStoreKit */ = {
			isa = PBXGroup;
			children = (
				4A0E3785284CA558009913CF /* AppDelegate.swift */,
				4A0E3787284CA558009913CF /* SceneDelegate.swift */,
				4A0E3789284CA558009913CF /* ViewController.swift */,
				4A0E3799284CAF41009913CF /* IAPTraits.swift */,
				4A0E378B284CA558009913CF /* Main.storyboard */,
				4A0E378E284CA559009913CF /* Assets.xcassets */,
				4A0E3790284CA559009913CF /* LaunchScreen.storyboard */,
				4A0E3793284CA559009913CF /* Info.plist */,
			);
			path = ExSwiftyStoreKit;
			sourceTree = "<group>";
		};
		672CF6FA6DBD319652E28A99 /* Frameworks */ = {
			isa = PBXGroup;
			children = (
				82DBA79AF86F541A6E5DAF2F /* Pods_ExSwiftyStoreKit.framework */,
			);
			name = Frameworks;
			sourceTree = "<group>";
		};
		99303F1E6148DC6387E32D98 /* Pods */ = {
			isa = PBXGroup;
			children = (
				7BCAF108BC846170D0E3E2D2 /* Pods-ExSwiftyStoreKit.debug.xcconfig */,
				20CA4A66642E370105B03C83 /* Pods-ExSwiftyStoreKit.release.xcconfig */,
			);
			path = Pods;
			sourceTree = "<group>";
		};
/* End PBXGroup section */

/* Begin PBXNativeTarget section */
		4A0E3781284CA558009913CF /* ExSwiftyStoreKit */ = {
			isa = PBXNativeTarget;
			buildConfigurationList = 4A0E3796284CA559009913CF /* Build configuration list for PBXNativeTarget "ExSwiftyStoreKit" */;
			buildPhases = (
				9E49686CF954738C3464216D /* [CP] Check Pods Manifest.lock */,
				4A0E377E284CA558009913CF /* Sources */,
				4A0E377F284CA558009913CF /* Frameworks */,
				4A0E3780284CA558009913CF /* Resources */,
				5369709C4D9008D1E7246CE8 /* [CP] Embed Pods Frameworks */,
			);
			buildRules = (
			);
			dependencies = (
			);
			name = ExSwiftyStoreKit;
			productName = ExSwiftyStoreKit;
			productReference = 4A0E3782284CA558009913CF /* ExSwiftyStoreKit.app */;
			productType = "com.apple.product-type.application";
		};
/* End PBXNativeTarget section */

/* Begin PBXProject section */
		4A0E377A284CA558009913CF /* Project object */ = {
			isa = PBXProject;
			attributes = {
				BuildIndependentTargetsInParallel = 1;
				LastSwiftUpdateCheck = 1310;
				LastUpgradeCheck = 1310;
				TargetAttributes = {
					4A0E3781284CA558009913CF = {
						CreatedOnToolsVersion = 13.1;
					};
				};
			};
			buildConfigurationList = 4A0E377D284CA558009913CF /* Build configuration list for PBXProject "ExSwiftyStoreKit" */;
			compatibilityVersion = "Xcode 13.0";
			developmentRegion = en;
			hasScannedForEncodings = 0;
			knownRegions = (
				en,
				Base,
			);
			mainGroup = 4A0E3779284CA558009913CF;
			productRefGroup = 4A0E3783284CA558009913CF /* Products */;
			projectDirPath = "";
			projectRoot = "";
			targets = (
				4A0E3781284CA558009913CF /* ExSwiftyStoreKit */,
			);
		};
/* End PBXProject section */

/* Begin PBXResourcesBuildPhase section */
		4A0E3780284CA558009913CF /* Resources */ = {
			isa = PBXResourcesBuildPhase;
			buildActionMask = 2147483647;
			files = (
				4A0E3792284CA559009913CF /* LaunchScreen.storyboard in Resources */,
				4A0E378F284CA559009913CF /* Assets.xcassets in Resources */,
				4A0E378D284CA558009913CF /* Main.storyboard in Resources */,
			);
			runOnlyForDeploymentPostprocessing = 0;
		};
/* End PBXResourcesBuildPhase section */

/* Begin PBXShellScriptBuildPhase section */
		5369709C4D9008D1E7246CE8 /* [CP] Embed Pods Frameworks */ = {
			isa = PBXShellScriptBuildPhase;
			buildActionMask = 2147483647;
			files = (
			);
			inputFileListPaths = (
				"${PODS_ROOT}/Target Support Files/Pods-ExSwiftyStoreKit/Pods-ExSwiftyStoreKit-frameworks-${CONFIGURATION}-input-files.xcfilelist",
			);
			name = "[CP] Embed Pods Frameworks";
			outputFileListPaths = (
				"${PODS_ROOT}/Target Support Files/Pods-ExSwiftyStoreKit/Pods-ExSwiftyStoreKit-frameworks-${CONFIGURATION}-output-files.xcfilelist",
			);
			runOnlyForDeploymentPostprocessing = 0;
			shellPath = /bin/sh;
			shellScript = "\"${PODS_ROOT}/Target Support Files/Pods-ExSwiftyStoreKit/Pods-ExSwiftyStoreKit-frameworks.sh\"\n";
			showEnvVarsInLog = 0;
		};
		9E49686CF954738C3464216D /* [CP] Check Pods Manifest.lock */ = {
			isa = PBXShellScriptBuildPhase;
			buildActionMask = 2147483647;
			files = (
			);
			inputFileListPaths = (
			);
			inputPaths = (
				"${PODS_PODFILE_DIR_PATH}/Podfile.lock",
				"${PODS_ROOT}/Manifest.lock",
			);
			name = "[CP] Check Pods Manifest.lock";
			outputFileListPaths = (
			);
			outputPaths = (
				"$(DERIVED_FILE_DIR)/Pods-ExSwiftyStoreKit-checkManifestLockResult.txt",
			);
			runOnlyForDeploymentPostprocessing = 0;
			shellPath = /bin/sh;
			shellScript = "diff \"${PODS_PODFILE_DIR_PATH}/Podfile.lock\" \"${PODS_ROOT}/Manifest.lock\" > /dev/null\nif [ $? != 0 ] ; then\n    # print error to STDERR\n    echo \"error: The sandbox is not in sync with the Podfile.lock. Run 'pod install' or update your CocoaPods installation.\" >&2\n    exit 1\nfi\n# This output is used by Xcode 'outputs' to avoid re-running this script phase.\necho \"SUCCESS\" > \"${SCRIPT_OUTPUT_FILE_0}\"\n";
			showEnvVarsInLog = 0;
		};
/* End PBXShellScriptBuildPhase section */

/* Begin PBXSourcesBuildPhase section */
		4A0E377E284CA558009913CF /* Sources */ = {
			isa = PBXSourcesBuildPhase;
			buildActionMask = 2147483647;
			files = (
				4A0E378A284CA558009913CF /* ViewController.swift in Sources */,
				4A0E3786284CA558009913CF /* AppDelegate.swift in Sources */,
				4A0E3788284CA558009913CF /* SceneDelegate.swift in Sources */,
				4A0E379A284CAF41009913CF /* IAPTraits.swift in Sources */,
			);
			runOnlyForDeploymentPostprocessing = 0;
		};
/* End PBXSourcesBuildPhase section */

/* Begin PBXVariantGroup section */
		4A0E378B284CA558009913CF /* Main.storyboard */ = {
			isa = PBXVariantGroup;
			children = (
				4A0E378C284CA558009913CF /* Base */,
			);
			name = Main.storyboard;
			sourceTree = "<group>";
		};
		4A0E3790284CA559009913CF /* LaunchScreen.storyboard */ = {
			isa = PBXVariantGroup;
			children = (
				4A0E3791284CA559009913CF /* Base */,
			);
			name = LaunchScreen.storyboard;
			sourceTree = "<group>";
		};
/* End PBXVariantGroup section */

/* Begin XCBuildConfiguration section */
		4A0E3794284CA559009913CF /* Debug */ = {
			isa = XCBuildConfiguration;
			buildSettings = {
				ALWAYS_SEARCH_USER_PATHS = NO;
				CLANG_ANALYZER_NONNULL = YES;
				CLANG_ANALYZER_NUMBER_OBJECT_CONVERSION = YES_AGGRESSIVE;
				CLANG_CXX_LANGUAGE_STANDARD = "gnu++17";
				CLANG_CXX_LIBRARY = "libc++";
				CLANG_ENABLE_MODULES = YES;
				CLANG_ENABLE_OBJC_ARC = YES;
				CLANG_ENABLE_OBJC_WEAK = YES;
				CLANG_WARN_BLOCK_CAPTURE_AUTORELEASING = YES;
				CLANG_WARN_BOOL_CONVERSION = YES;
				CLANG_WARN_COMMA = YES;
				CLANG_WARN_CONSTANT_CONVERSION = YES;
				CLANG_WARN_DEPRECATED_OBJC_IMPLEMENTATIONS = YES;
				CLANG_WARN_DIRECT_OBJC_ISA_USAGE = YES_ERROR;
				CLANG_WARN_DOCUMENTATION_COMMENTS = YES;
				CLANG_WARN_EMPTY_BODY = YES;
				CLANG_WARN_ENUM_CONVERSION = YES;
				CLANG_WARN_INFINITE_RECURSION = YES;
				CLANG_WARN_INT_CONVERSION = YES;
				CLANG_WARN_NON_LITERAL_NULL_CONVERSION = YES;
				CLANG_WARN_OBJC_IMPLICIT_RETAIN_SELF = YES;
				CLANG_WARN_OBJC_LITERAL_CONVERSION = YES;
				CLANG_WARN_OBJC_ROOT_CLASS = YES_ERROR;
				CLANG_WARN_QUOTED_INCLUDE_IN_FRAMEWORK_HEADER = YES;
				CLANG_WARN_RANGE_LOOP_ANALYSIS = YES;
				CLANG_WARN_STRICT_PROTOTYPES = YES;
				CLANG_WARN_SUSPICIOUS_MOVE = YES;
				CLANG_WARN_UNGUARDED_AVAILABILITY = YES_AGGRESSIVE;
				CLANG_WARN_UNREACHABLE_CODE = YES;
				CLANG_WARN__DUPLICATE_METHOD_MATCH = YES;
				COPY_PHASE_STRIP = NO;
				DEBUG_INFORMATION_FORMAT = dwarf;
				ENABLE_STRICT_OBJC_MSGSEND = YES;
				ENABLE_TESTABILITY = YES;
				GCC_C_LANGUAGE_STANDARD = gnu11;
				GCC_DYNAMIC_NO_PIC = NO;
				GCC_NO_COMMON_BLOCKS = YES;
				GCC_OPTIMIZATION_LEVEL = 0;
				GCC_PREPROCESSOR_DEFINITIONS = (
					"DEBUG=1",
					"$(inherited)",
				);
				GCC_WARN_64_TO_32_BIT_CONVERSION = YES;
				GCC_WARN_ABOUT_RETURN_TYPE = YES_ERROR;
				GCC_WARN_UNDECLARED_SELECTOR = YES;
				GCC_WARN_UNINITIALIZED_AUTOS = YES_AGGRESSIVE;
				GCC_WARN_UNUSED_FUNCTION = YES;
				GCC_WARN_UNUSED_VARIABLE = YES;
				IPHONEOS_DEPLOYMENT_TARGET = 15.0;
				MTL_ENABLE_DEBUG_INFO = INCLUDE_SOURCE;
				MTL_FAST_MATH = YES;
				ONLY_ACTIVE_ARCH = YES;
				SDKROOT = iphoneos;
				SWIFT_ACTIVE_COMPILATION_CONDITIONS = DEBUG;
				SWIFT_OPTIMIZATION_LEVEL = "-Onone";
			};
			name = Debug;
		};
		4A0E3795284CA559009913CF /* Release */ = {
			isa = XCBuildConfiguration;
			buildSettings = {
				ALWAYS_SEARCH_USER_PATHS = NO;
				CLANG_ANALYZER_NONNULL = YES;
				CLANG_ANALYZER_NUMBER_OBJECT_CONVERSION = YES_AGGRESSIVE;
				CLANG_CXX_LANGUAGE_STANDARD = "gnu++17";
				CLANG_CXX_LIBRARY = "libc++";
				CLANG_ENABLE_MODULES = YES;
				CLANG_ENABLE_OBJC_ARC = YES;
				CLANG_ENABLE_OBJC_WEAK = YES;
				CLANG_WARN_BLOCK_CAPTURE_AUTORELEASING = YES;
				CLANG_WARN_BOOL_CONVERSION = YES;
				CLANG_WARN_COMMA = YES;
				CLANG_WARN_CONSTANT_CONVERSION = YES;
				CLANG_WARN_DEPRECATED_OBJC_IMPLEMENTATIONS = YES;
				CLANG_WARN_DIRECT_OBJC_ISA_USAGE = YES_ERROR;
				CLANG_WARN_DOCUMENTATION_COMMENTS = YES;
				CLANG_WARN_EMPTY_BODY = YES;
				CLANG_WARN_ENUM_CONVERSION = YES;
				CLANG_WARN_INFINITE_RECURSION = YES;
				CLANG_WARN_INT_CONVERSION = YES;
				CLANG_WARN_NON_LITERAL_NULL_CONVERSION = YES;
				CLANG_WARN_OBJC_IMPLICIT_RETAIN_SELF = YES;
				CLANG_WARN_OBJC_LITERAL_CONVERSION = YES;
				CLANG_WARN_OBJC_ROOT_CLASS = YES_ERROR;
				CLANG_WARN_QUOTED_INCLUDE_IN_FRAMEWORK_HEADER = YES;
				CLANG_WARN_RANGE_LOOP_ANALYSIS = YES;
				CLANG_WARN_STRICT_PROTOTYPES = YES;
				CLANG_WARN_SUSPICIOUS_MOVE = YES;
				CLANG_WARN_UNGUARDED_AVAILABILITY = YES_AGGRESSIVE;
				CLANG_WARN_UNREACHABLE_CODE = YES;
				CLANG_WARN__DUPLICATE_METHOD_MATCH = YES;
				COPY_PHASE_STRIP = NO;
				DEBUG_INFORMATION_FORMAT = "dwarf-with-dsym";
				ENABLE_NS_ASSERTIONS = NO;
				ENABLE_STRICT_OBJC_MSGSEND = YES;
				GCC_C_LANGUAGE_STANDARD = gnu11;
				GCC_NO_COMMON_BLOCKS = YES;
				GCC_WARN_64_TO_32_BIT_CONVERSION = YES;
				GCC_WARN_ABOUT_RETURN_TYPE = YES_ERROR;
				GCC_WARN_UNDECLARED_SELECTOR = YES;
				GCC_WARN_UNINITIALIZED_AUTOS = YES_AGGRESSIVE;
				GCC_WARN_UNUSED_FUNCTION = YES;
				GCC_WARN_UNUSED_VARIABLE = YES;
				IPHONEOS_DEPLOYMENT_TARGET = 15.0;
				MTL_ENABLE_DEBUG_INFO = NO;
				MTL_FAST_MATH = YES;
				SDKROOT = iphoneos;
				SWIFT_COMPILATION_MODE = wholemodule;
				SWIFT_OPTIMIZATION_LEVEL = "-O";
				VALIDATE_PRODUCT = YES;
			};
			name = Release;
		};
		4A0E3797284CA559009913CF /* Debug */ = {
			isa = XCBuildConfiguration;
			baseConfigurationReference = 7BCAF108BC846170D0E3E2D2 /* Pods-ExSwiftyStoreKit.debug.xcconfig */;
			buildSettings = {
				ASSETCATALOG_COMPILER_APPICON_NAME = AppIcon;
				ASSETCATALOG_COMPILER_GLOBAL_ACCENT_COLOR_NAME = AccentColor;
				CODE_SIGN_STYLE = Automatic;
				CURRENT_PROJECT_VERSION = 1;
				DEVELOPMENT_TEAM = SS7U83UJNK;
				GENERATE_INFOPLIST_FILE = YES;
				INFOPLIST_FILE = ExSwiftyStoreKit/Info.plist;
				INFOPLIST_KEY_UIApplicationSupportsIndirectInputEvents = YES;
				INFOPLIST_KEY_UILaunchStoryboardName = LaunchScreen;
				INFOPLIST_KEY_UIMainStoryboardFile = Main;
				INFOPLIST_KEY_UISupportedInterfaceOrientations_iPad = "UIInterfaceOrientationPortrait UIInterfaceOrientationPortraitUpsideDown UIInterfaceOrientationLandscapeLeft UIInterfaceOrientationLandscapeRight";
				INFOPLIST_KEY_UISupportedInterfaceOrientations_iPhone = "UIInterfaceOrientationPortrait UIInterfaceOrientationLandscapeLeft UIInterfaceOrientationLandscapeRight";
				LD_RUNPATH_SEARCH_PATHS = (
					"$(inherited)",
					"@executable_path/Frameworks",
				);
				MARKETING_VERSION = 1.0;
				PRODUCT_BUNDLE_IDENTIFIER = com.jake.sample.ExSwiftyStoreKit;
				PRODUCT_NAME = "$(TARGET_NAME)";
				SWIFT_EMIT_LOC_STRINGS = YES;
				SWIFT_VERSION = 5.0;
				TARGETED_DEVICE_FAMILY = "1,2";
			};
			name = Debug;
		};
		4A0E3798284CA559009913CF /* Release */ = {
			isa = XCBuildConfiguration;
			baseConfigurationReference = 20CA4A66642E370105B03C83 /* Pods-ExSwiftyStoreKit.release.xcconfig */;
			buildSettings = {
				ASSETCATALOG_COMPILER_APPICON_NAME = AppIcon;
				ASSETCATALOG_COMPILER_GLOBAL_ACCENT_COLOR_NAME = AccentColor;
				CODE_SIGN_STYLE = Automatic;
				CURRENT_PROJECT_VERSION = 1;
				DEVELOPMENT_TEAM = SS7U83UJNK;
				GENERATE_INFOPLIST_FILE = YES;
				INFOPLIST_FILE = ExSwiftyStoreKit/Info.plist;
				INFOPLIST_KEY_UIApplicationSupportsIndirectInputEvents = YES;
				INFOPLIST_KEY_UILaunchStoryboardName = LaunchScreen;
				INFOPLIST_KEY_UIMainStoryboardFile = Main;
				INFOPLIST_KEY_UISupportedInterfaceOrientations_iPad = "UIInterfaceOrientationPortrait UIInterfaceOrientationPortraitUpsideDown UIInterfaceOrientationLandscapeLeft UIInterfaceOrientationLandscapeRight";
				INFOPLIST_KEY_UISupportedInterfaceOrientations_iPhone = "UIInterfaceOrientationPortrait UIInterfaceOrientationLandscapeLeft UIInterfaceOrientationLandscapeRight";
				LD_RUNPATH_SEARCH_PATHS = (
					"$(inherited)",
					"@executable_path/Frameworks",
				);
				MARKETING_VERSION = 1.0;
				PRODUCT_BUNDLE_IDENTIFIER = com.jake.sample.ExSwiftyStoreKit;
				PRODUCT_NAME = "$(TARGET_NAME)";
				SWIFT_EMIT_LOC_STRINGS = YES;
				SWIFT_VERSION = 5.0;
				TARGETED_DEVICE_FAMILY = "1,2";
			};
			name = Release;
		};
/* End XCBuildConfiguration section */

/* Begin XCConfigurationList section */
		4A0E377D284CA558009913CF /* Build configuration list for PBXProject "ExSwiftyStoreKit" */ = {
			isa = XCConfigurationList;
			buildConfigurations = (
				4A0E3794284CA559009913CF /* Debug */,
				4A0E3795284CA559009913CF /* Release */,
			);
			defaultConfigurationIsVisible = 0;
			defaultConfigurationName = Release;
		};
		4A0E3796284CA559009913CF /* Build configuration list for PBXNativeTarget "ExSwiftyStoreKit" */ = {
			isa = XCConfigurationList;
			buildConfigurations = (
				4A0E3797284CA559009913CF /* Debug */,
				4A0E3798284CA559009913CF /* Release */,
			);
			defaultConfigurationIsVisible = 0;
			defaultConfigurationName = Release;
		};
/* End XCConfigurationList section */
	};
	rootObject = 4A0E377A284CA558009913CF /* Project object */;
}
